
Microsoft Visual Studio Solution File, Format Version 12.00
# Visual Studio Version 17
VisualStudioVersion = 17.0.32014.148
MinimumVisualStudioVersion = 10.0.40219.1
Project("{2150E333-8FDC-42A3-9474-1A3956D46DE8}") = "Services", "Services", "{8B57EDE5-201B-45A7-8DBD-5323C0890A43}"
EndProject
Project("{2150E333-8FDC-42A3-9474-1A3956D46DE8}") = "Catalog", "Catalog", "{F1E75E35-40DF-41B2-BD5B-8AE259D7B242}"
EndProject
Project("{FAE04EC0-301F-11D3-BF4B-00C04F79EFBC}") = "Catalog.API", "Services\Catalog\Catalog.API\Catalog.API.csproj", "{E85C5678-B46D-4F5A-B3CA-C4AEEDA5989A}"
EndProject
Global
	GlobalSection(SolutionConfigurationPlatforms) = preSolution
		Debug|Any CPU = Debug|Any CPU
		Release|Any CPU = Release|Any CPU
	EndGlobalSection
	GlobalSection(ProjectConfigurationPlatforms) = postSolution
		{E85C5678-B46D-4F5A-B3CA-C4AEEDA5989A}.Debug|Any CPU.ActiveCfg = Debug|Any CPU
		{E85C5678-B46D-4F5A-B3CA-C4AEEDA5989A}.Debug|Any CPU.Build.0 = Debug|Any CPU
		{E85C5678-B46D-4F5A-B3CA-C4AEEDA5989A}.Release|Any CPU.ActiveCfg = Release|Any CPU
		{E85C5678-B46D-4F5A-B3CA-C4AEEDA5989A}.Release|Any CPU.Build.0 = Release|Any CPU
	EndGlobalSection
	GlobalSection(SolutionProperties) = preSolution
		HideSolutionNode = FALSE
	EndGlobalSection
	GlobalSection(NestedProjects) = preSolution
		{F1E75E35-40DF-41B2-BD5B-8AE259D7B242} = {8B57EDE5-201B-45A7-8DBD-5323C0890A43}
		{E85C5678-B46D-4F5A-B3CA-C4AEEDA5989A} = {F1E75E35-40DF-41B2-BD5B-8AE259D7B242}
	EndGlobalSection
	GlobalSection(ExtensibilityGlobals) = postSolution
		SolutionGuid = {7F5B26B7-F04B-4E9C-BB51-7D629D159750}
	EndGlobalSection
EndGlobal
